
Microsoft Visual Studio Solution File, Format Version 12.00
# Visual Studio Version 17
VisualStudioVersion = 17.14.36717.8 d17.14
MinimumVisualStudioVersion = 10.0.40219.1
Project("{FAE04EC0-301F-11D3-BF4B-00C04F79EFBC}") = "Week2", "Week2\Week2.csproj", "{4E41CE23-9E83-4409-A4D9-99D3504BB9AF}"
EndProject
Global
	GlobalSection(SolutionConfigurationPlatforms) = preSolution
		Debug|Any CPU = Debug|Any CPU
		Release|Any CPU = Release|Any CPU
	EndGlobalSection
	GlobalSection(ProjectConfigurationPlatforms) = postSolution
		{4E41CE23-9E83-4409-A4D9-99D3504BB9AF}.Debug|Any CPU.ActiveCfg = Debug|Any CPU
		{4E41CE23-9E83-4409-A4D9-99D3504BB9AF}.Debug|Any CPU.Build.0 = Debug|Any CPU
		{4E41CE23-9E83-4409-A4D9-99D3504BB9AF}.Release|Any CPU.ActiveCfg = Release|Any CPU
		{4E41CE23-9E83-4409-A4D9-99D3504BB9AF}.Release|Any CPU.Build.0 = Release|Any CPU
	EndGlobalSection
	GlobalSection(SolutionProperties) = preSolution
		HideSolutionNode = FALSE
	EndGlobalSection
	GlobalSection(ExtensibilityGlobals) = postSolution
		SolutionGuid = {8BF2AD53-8DB9-4087-B634-C73DE7AB71FB}
	EndGlobalSection
EndGlobal
